// !$*UTF8*$!
{
	archiveVersion = 1;
	classes = {
	};
	objectVersion = 50;
	objects = {

/* Begin PBXBuildFile section */
		F440F18020FB167F008F4DF5 /* AppDelegate.swift in Sources */ = {isa = PBXBuildFile; fileRef = F440F17F20FB167F008F4DF5 /* AppDelegate.swift */; };
		F440F18220FB167F008F4DF5 /* UserListViewController.swift in Sources */ = {isa = PBXBuildFile; fileRef = F440F18120FB167F008F4DF5 /* UserListViewController.swift */; };
		F440F18520FB167F008F4DF5 /* Main.storyboard in Resources */ = {isa = PBXBuildFile; fileRef = F440F18320FB167F008F4DF5 /* Main.storyboard */; };
		F440F18720FB1680008F4DF5 /* Assets.xcassets in Resources */ = {isa = PBXBuildFile; fileRef = F440F18620FB1680008F4DF5 /* Assets.xcassets */; };
		F440F18A20FB1680008F4DF5 /* LaunchScreen.storyboard in Resources */ = {isa = PBXBuildFile; fileRef = F440F18820FB1680008F4DF5 /* LaunchScreen.storyboard */; };
		F440F19520FB17FA008F4DF5 /* User.swift in Sources */ = {isa = PBXBuildFile; fileRef = F440F19420FB17FA008F4DF5 /* User.swift */; };
		F440F19720FB19B9008F4DF5 /* UserViewModel.swift in Sources */ = {isa = PBXBuildFile; fileRef = F440F19620FB19B9008F4DF5 /* UserViewModel.swift */; };
		F440F19920FB1ACD008F4DF5 /* UserListViewModel.swift in Sources */ = {isa = PBXBuildFile; fileRef = F440F19820FB1ACD008F4DF5 /* UserListViewModel.swift */; };
		F440F1A020FB1B76008F4DF5 /* NetworkResult.swift in Sources */ = {isa = PBXBuildFile; fileRef = F440F19A20FB1B76008F4DF5 /* NetworkResult.swift */; };
		F440F1A120FB1B76008F4DF5 /* PaserKey.swift in Sources */ = {isa = PBXBuildFile; fileRef = F440F19B20FB1B76008F4DF5 /* PaserKey.swift */; };
		F440F1A220FB1B76008F4DF5 /* FakeData.swift in Sources */ = {isa = PBXBuildFile; fileRef = F440F19C20FB1B76008F4DF5 /* FakeData.swift */; };
		F440F1A320FB1B76008F4DF5 /* DataLoader.swift in Sources */ = {isa = PBXBuildFile; fileRef = F440F19D20FB1B76008F4DF5 /* DataLoader.swift */; };
		F440F1A420FB1B76008F4DF5 /* UserProvider.swift in Sources */ = {isa = PBXBuildFile; fileRef = F440F19E20FB1B76008F4DF5 /* UserProvider.swift */; };
		F440F1A520FB1B76008F4DF5 /* RequestToken.swift in Sources */ = {isa = PBXBuildFile; fileRef = F440F19F20FB1B76008F4DF5 /* RequestToken.swift */; };
		F440F1AC20FB2CF9008F4DF5 /* UserListTableViewCell.swift in Sources */ = {isa = PBXBuildFile; fileRef = F440F1AA20FB2CF9008F4DF5 /* UserListTableViewCell.swift */; };
		F440F1AD20FB2CF9008F4DF5 /* UserListTableViewCell.xib in Resources */ = {isa = PBXBuildFile; fileRef = F440F1AB20FB2CF9008F4DF5 /* UserListTableViewCell.xib */; };
		F440F1AF20FB31FC008F4DF5 /* UserDetailViewController.swift in Sources */ = {isa = PBXBuildFile; fileRef = F440F1AE20FB31FC008F4DF5 /* UserDetailViewController.swift */; };
		F440F1B120FB3461008F4DF5 /* UserDetailViewModel.swift in Sources */ = {isa = PBXBuildFile; fileRef = F440F1B020FB3461008F4DF5 /* UserDetailViewModel.swift */; };
/* End PBXBuildFile section */

/* Begin PBXFileReference section */
		F440F17C20FB167F008F4DF5 /* UserListsMVVM.app */ = {isa = PBXFileReference; explicitFileType = wrapper.application; includeInIndex = 0; path = UserListsMVVM.app; sourceTree = BUILT_PRODUCTS_DIR; };
		F440F17F20FB167F008F4DF5 /* AppDelegate.swift */ = {isa = PBXFileReference; lastKnownFileType = sourcecode.swift; path = AppDelegate.swift; sourceTree = "<group>"; };
		F440F18120FB167F008F4DF5 /* UserListViewController.swift */ = {isa = PBXFileReference; lastKnownFileType = sourcecode.swift; path = UserListViewController.swift; sourceTree = "<group>"; };
		F440F18420FB167F008F4DF5 /* Base */ = {isa = PBXFileReference; lastKnownFileType = file.storyboard; name = Base; path = Base.lproj/Main.storyboard; sourceTree = "<group>"; };
		F440F18620FB1680008F4DF5 /* Assets.xcassets */ = {isa = PBXFileReference; lastKnownFileType = folder.assetcatalog; path = Assets.xcassets; sourceTree = "<group>"; };
		F440F18920FB1680008F4DF5 /* Base */ = {isa = PBXFileReference; lastKnownFileType = file.storyboard; name = Base; path = Base.lproj/LaunchScreen.storyboard; sourceTree = "<group>"; };
		F440F18B20FB1680008F4DF5 /* Info.plist */ = {isa = PBXFileReference; lastKnownFileType = text.plist.xml; path = Info.plist; sourceTree = "<group>"; };
		F440F19420FB17FA008F4DF5 /* User.swift */ = {isa = PBXFileReference; lastKnownFileType = sourcecode.swift; path = User.swift; sourceTree = "<group>"; };
		F440F19620FB19B9008F4DF5 /* UserViewModel.swift */ = {isa = PBXFileReference; lastKnownFileType = sourcecode.swift; path = UserViewModel.swift; sourceTree = "<group>"; };
		F440F19820FB1ACD008F4DF5 /* UserListViewModel.swift */ = {isa = PBXFileReference; lastKnownFileType = sourcecode.swift; path = UserListViewModel.swift; sourceTree = "<group>"; };
		F440F19A20FB1B76008F4DF5 /* NetworkResult.swift */ = {isa = PBXFileReference; fileEncoding = 4; lastKnownFileType = sourcecode.swift; path = NetworkResult.swift; sourceTree = "<group>"; };
		F440F19B20FB1B76008F4DF5 /* PaserKey.swift */ = {isa = PBXFileReference; fileEncoding = 4; lastKnownFileType = sourcecode.swift; path = PaserKey.swift; sourceTree = "<group>"; };
		F440F19C20FB1B76008F4DF5 /* FakeData.swift */ = {isa = PBXFileReference; fileEncoding = 4; lastKnownFileType = sourcecode.swift; path = FakeData.swift; sourceTree = "<group>"; };
		F440F19D20FB1B76008F4DF5 /* DataLoader.swift */ = {isa = PBXFileReference; fileEncoding = 4; lastKnownFileType = sourcecode.swift; path = DataLoader.swift; sourceTree = "<group>"; };
		F440F19E20FB1B76008F4DF5 /* UserProvider.swift */ = {isa = PBXFileReference; fileEncoding = 4; lastKnownFileType = sourcecode.swift; path = UserProvider.swift; sourceTree = "<group>"; };
		F440F19F20FB1B76008F4DF5 /* RequestToken.swift */ = {isa = PBXFileReference; fileEncoding = 4; lastKnownFileType = sourcecode.swift; path = RequestToken.swift; sourceTree = "<group>"; };
		F440F1AA20FB2CF9008F4DF5 /* UserListTableViewCell.swift */ = {isa = PBXFileReference; lastKnownFileType = sourcecode.swift; path = UserListTableViewCell.swift; sourceTree = "<group>"; };
		F440F1AB20FB2CF9008F4DF5 /* UserListTableViewCell.xib */ = {isa = PBXFileReference; lastKnownFileType = file.xib; path = UserListTableViewCell.xib; sourceTree = "<group>"; };
		F440F1AE20FB31FC008F4DF5 /* UserDetailViewController.swift */ = {isa = PBXFileReference; lastKnownFileType = sourcecode.swift; path = UserDetailViewController.swift; sourceTree = "<group>"; };
		F440F1B020FB3461008F4DF5 /* UserDetailViewModel.swift */ = {isa = PBXFileReference; lastKnownFileType = sourcecode.swift; path = UserDetailViewModel.swift; sourceTree = "<group>"; };
/* End PBXFileReference section */

/* Begin PBXFrameworksBuildPhase section */
		F440F17920FB167F008F4DF5 /* Frameworks */ = {
			isa = PBXFrameworksBuildPhase;
			buildActionMask = 2147483647;
			files = (
			);
			runOnlyForDeploymentPostprocessing = 0;
		};
/* End PBXFrameworksBuildPhase section */

/* Begin PBXGroup section */
		F440F17320FB167F008F4DF5 = {
			isa = PBXGroup;
			children = (
				F440F17E20FB167F008F4DF5 /* UserListsMVVM */,
				F440F17D20FB167F008F4DF5 /* Products */,
			);
			sourceTree = "<group>";
		};
		F440F17D20FB167F008F4DF5 /* Products */ = {
			isa = PBXGroup;
			children = (
				F440F17C20FB167F008F4DF5 /* UserListsMVVM.app */,
			);
			name = Products;
			sourceTree = "<group>";
		};
		F440F17E20FB167F008F4DF5 /* UserListsMVVM */ = {
			isa = PBXGroup;
			children = (
				F440F17F20FB167F008F4DF5 /* AppDelegate.swift */,
				F440F18320FB167F008F4DF5 /* Main.storyboard */,
				F440F19320FB17C5008F4DF5 /* NetworkService */,
				F440F19120FB17B8008F4DF5 /* Model */,
				F440F19220FB17BF008F4DF5 /* ViewModel */,
				F440F1A620FB1FF7008F4DF5 /* Controller */,
				F440F1A720FB2CB6008F4DF5 /* View */,
				F440F18620FB1680008F4DF5 /* Assets.xcassets */,
				F440F18820FB1680008F4DF5 /* LaunchScreen.storyboard */,
				F440F18B20FB1680008F4DF5 /* Info.plist */,
			);
			path = UserListsMVVM;
			sourceTree = "<group>";
		};
		F440F19120FB17B8008F4DF5 /* Model */ = {
			isa = PBXGroup;
			children = (
				F440F19420FB17FA008F4DF5 /* User.swift */,
			);
			path = Model;
			sourceTree = "<group>";
		};
		F440F19220FB17BF008F4DF5 /* ViewModel */ = {
			isa = PBXGroup;
			children = (
				F440F19620FB19B9008F4DF5 /* UserViewModel.swift */,
				F440F19820FB1ACD008F4DF5 /* UserListViewModel.swift */,
				F440F1B020FB3461008F4DF5 /* UserDetailViewModel.swift */,
			);
			path = ViewModel;
			sourceTree = "<group>";
		};
		F440F19320FB17C5008F4DF5 /* NetworkService */ = {
			isa = PBXGroup;
			children = (
				F440F19E20FB1B76008F4DF5 /* UserProvider.swift */,
				F440F19D20FB1B76008F4DF5 /* DataLoader.swift */,
				F440F19C20FB1B76008F4DF5 /* FakeData.swift */,
				F440F19A20FB1B76008F4DF5 /* NetworkResult.swift */,
				F440F19B20FB1B76008F4DF5 /* PaserKey.swift */,
				F440F19F20FB1B76008F4DF5 /* RequestToken.swift */,
			);
			path = NetworkService;
			sourceTree = "<group>";
		};
		F440F1A620FB1FF7008F4DF5 /* Controller */ = {
			isa = PBXGroup;
			children = (
				F440F18120FB167F008F4DF5 /* UserListViewController.swift */,
				F440F1AE20FB31FC008F4DF5 /* UserDetailViewController.swift */,
			);
			path = Controller;
			sourceTree = "<group>";
		};
		F440F1A720FB2CB6008F4DF5 /* View */ = {
			isa = PBXGroup;
			children = (
				F440F1AA20FB2CF9008F4DF5 /* UserListTableViewCell.swift */,
				F440F1AB20FB2CF9008F4DF5 /* UserListTableViewCell.xib */,
			);
			path = View;
			sourceTree = "<group>";
		};
/* End PBXGroup section */

/* Begin PBXNativeTarget section */
		F440F17B20FB167F008F4DF5 /* UserListsMVVM */ = {
			isa = PBXNativeTarget;
			buildConfigurationList = F440F18E20FB1680008F4DF5 /* Build configuration list for PBXNativeTarget "UserListsMVVM" */;
			buildPhases = (
				F440F17820FB167F008F4DF5 /* Sources */,
				F440F17920FB167F008F4DF5 /* Frameworks */,
				F440F17A20FB167F008F4DF5 /* Resources */,
			);
			buildRules = (
			);
			dependencies = (
			);
			name = UserListsMVVM;
			productName = UserListsMVVM;
			productReference = F440F17C20FB167F008F4DF5 /* UserListsMVVM.app */;
			productType = "com.apple.product-type.application";
		};
/* End PBXNativeTarget section */

/* Begin PBXProject section */
		F440F17420FB167F008F4DF5 /* Project object */ = {
			isa = PBXProject;
			attributes = {
				LastSwiftUpdateCheck = 0940;
				LastUpgradeCheck = 0940;
				ORGANIZATIONNAME = Bomi;
				TargetAttributes = {
					F440F17B20FB167F008F4DF5 = {
						CreatedOnToolsVersion = 9.4.1;
					};
				};
			};
			buildConfigurationList = F440F17720FB167F008F4DF5 /* Build configuration list for PBXProject "UserListsMVVM" */;
			compatibilityVersion = "Xcode 9.3";
			developmentRegion = en;
			hasScannedForEncodings = 0;
			knownRegions = (
				en,
				Base,
			);
			mainGroup = F440F17320FB167F008F4DF5;
			productRefGroup = F440F17D20FB167F008F4DF5 /* Products */;
			projectDirPath = "";
			projectRoot = "";
			targets = (
				F440F17B20FB167F008F4DF5 /* UserListsMVVM */,
			);
		};
/* End PBXProject section */

/* Begin PBXResourcesBuildPhase section */
		F440F17A20FB167F008F4DF5 /* Resources */ = {
			isa = PBXResourcesBuildPhase;
			buildActionMask = 2147483647;
			files = (
				F440F1AD20FB2CF9008F4DF5 /* UserListTableViewCell.xib in Resources */,
				F440F18A20FB1680008F4DF5 /* LaunchScreen.storyboard in Resources */,
				F440F18720FB1680008F4DF5 /* Assets.xcassets in Resources */,
				F440F18520FB167F008F4DF5 /* Main.storyboard in Resources */,
			);
			runOnlyForDeploymentPostprocessing = 0;
		};
/* End PBXResourcesBuildPhase section */

/* Begin PBXSourcesBuildPhase section */
		F440F17820FB167F008F4DF5 /* Sources */ = {
			isa = PBXSourcesBuildPhase;
			buildActionMask = 2147483647;
			files = (
				F440F18220FB167F008F4DF5 /* UserListViewController.swift in Sources */,
				F440F19720FB19B9008F4DF5 /* UserViewModel.swift in Sources */,
				F440F1B120FB3461008F4DF5 /* UserDetailViewModel.swift in Sources */,
				F440F1AF20FB31FC008F4DF5 /* UserDetailViewController.swift in Sources */,
				F440F1A220FB1B76008F4DF5 /* FakeData.swift in Sources */,
				F440F18020FB167F008F4DF5 /* AppDelegate.swift in Sources */,
				F440F1AC20FB2CF9008F4DF5 /* UserListTableViewCell.swift in Sources */,
				F440F1A020FB1B76008F4DF5 /* NetworkResult.swift in Sources */,
				F440F19520FB17FA008F4DF5 /* User.swift in Sources */,
				F440F1A120FB1B76008F4DF5 /* PaserKey.swift in Sources */,
				F440F1A420FB1B76008F4DF5 /* UserProvider.swift in Sources */,
				F440F19920FB1ACD008F4DF5 /* UserListViewModel.swift in Sources */,
				F440F1A520FB1B76008F4DF5 /* RequestToken.swift in Sources */,
				F440F1A320FB1B76008F4DF5 /* DataLoader.swift in Sources */,
			);
			runOnlyForDeploymentPostprocessing = 0;
		};
/* End PBXSourcesBuildPhase section */

/* Begin PBXVariantGroup section */
		F440F18320FB167F008F4DF5 /* Main.storyboard */ = {
			isa = PBXVariantGroup;
			children = (
				F440F18420FB167F008F4DF5 /* Base */,
			);
			name = Main.storyboard;
			sourceTree = "<group>";
		};
		F440F18820FB1680008F4DF5 /* LaunchScreen.storyboard */ = {
			isa = PBXVariantGroup;
			children = (
				F440F18920FB1680008F4DF5 /* Base */,
			);
			name = LaunchScreen.storyboard;
			sourceTree = "<group>";
		};
/* End PBXVariantGroup section */

/* Begin XCBuildConfiguration section */
		F440F18C20FB1680008F4DF5 /* Debug */ = {
			isa = XCBuildConfiguration;
			buildSettings = {
				ALWAYS_SEARCH_USER_PATHS = NO;
				CLANG_ANALYZER_NONNULL = YES;
				CLANG_ANALYZER_NUMBER_OBJECT_CONVERSION = YES_AGGRESSIVE;
				CLANG_CXX_LANGUAGE_STANDARD = "gnu++14";
				CLANG_CXX_LIBRARY = "libc++";
				CLANG_ENABLE_MODULES = YES;
				CLANG_ENABLE_OBJC_ARC = YES;
				CLANG_ENABLE_OBJC_WEAK = YES;
				CLANG_WARN_BLOCK_CAPTURE_AUTORELEASING = YES;
				CLANG_WARN_BOOL_CONVERSION = YES;
				CLANG_WARN_COMMA = YES;
				CLANG_WARN_CONSTANT_CONVERSION = YES;
				CLANG_WARN_DEPRECATED_OBJC_IMPLEMENTATIONS = YES;
				CLANG_WARN_DIRECT_OBJC_ISA_USAGE = YES_ERROR;
				CLANG_WARN_DOCUMENTATION_COMMENTS = YES;
				CLANG_WARN_EMPTY_BODY = YES;
				CLANG_WARN_ENUM_CONVERSION = YES;
				CLANG_WARN_INFINITE_RECURSION = YES;
				CLANG_WARN_INT_CONVERSION = YES;
				CLANG_WARN_NON_LITERAL_NULL_CONVERSION = YES;
				CLANG_WARN_OBJC_IMPLICIT_RETAIN_SELF = YES;
				CLANG_WARN_OBJC_LITERAL_CONVERSION = YES;
				CLANG_WARN_OBJC_ROOT_CLASS = YES_ERROR;
				CLANG_WARN_RANGE_LOOP_ANALYSIS = YES;
				CLANG_WARN_STRICT_PROTOTYPES = YES;
				CLANG_WARN_SUSPICIOUS_MOVE = YES;
				CLANG_WARN_UNGUARDED_AVAILABILITY = YES_AGGRESSIVE;
				CLANG_WARN_UNREACHABLE_CODE = YES;
				CLANG_WARN__DUPLICATE_METHOD_MATCH = YES;
				CODE_SIGN_IDENTITY = "iPhone Developer";
				COPY_PHASE_STRIP = NO;
				DEBUG_INFORMATION_FORMAT = dwarf;
				ENABLE_STRICT_OBJC_MSGSEND = YES;
				ENABLE_TESTABILITY = YES;
				GCC_C_LANGUAGE_STANDARD = gnu11;
				GCC_DYNAMIC_NO_PIC = NO;
				GCC_NO_COMMON_BLOCKS = YES;
				GCC_OPTIMIZATION_LEVEL = 0;
				GCC_PREPROCESSOR_DEFINITIONS = (
					"DEBUG=1",
					"$(inherited)",
				);
				GCC_WARN_64_TO_32_BIT_CONVERSION = YES;
				GCC_WARN_ABOUT_RETURN_TYPE = YES_ERROR;
				GCC_WARN_UNDECLARED_SELECTOR = YES;
				GCC_WARN_UNINITIALIZED_AUTOS = YES_AGGRESSIVE;
				GCC_WARN_UNUSED_FUNCTION = YES;
				GCC_WARN_UNUSED_VARIABLE = YES;
				IPHONEOS_DEPLOYMENT_TARGET = 11.4;
				MTL_ENABLE_DEBUG_INFO = YES;
				ONLY_ACTIVE_ARCH = YES;
				SDKROOT = iphoneos;
				SWIFT_ACTIVE_COMPILATION_CONDITIONS = DEBUG;
				SWIFT_OPTIMIZATION_LEVEL = "-Onone";
			};
			name = Debug;
		};
		F440F18D20FB1680008F4DF5 /* Release */ = {
			isa = XCBuildConfiguration;
			buildSettings = {
				ALWAYS_SEARCH_USER_PATHS = NO;
				CLANG_ANALYZER_NONNULL = YES;
				CLANG_ANALYZER_NUMBER_OBJECT_CONVERSION = YES_AGGRESSIVE;
				CLANG_CXX_LANGUAGE_STANDARD = "gnu++14";
				CLANG_CXX_LIBRARY = "libc++";
				CLANG_ENABLE_MODULES = YES;
				CLANG_ENABLE_OBJC_ARC = YES;
				CLANG_ENABLE_OBJC_WEAK = YES;
				CLANG_WARN_BLOCK_CAPTURE_AUTORELEASING = YES;
				CLANG_WARN_BOOL_CONVERSION = YES;
				CLANG_WARN_COMMA = YES;
				CLANG_WARN_CONSTANT_CONVERSION = YES;
				CLANG_WARN_DEPRECATED_OBJC_IMPLEMENTATIONS = YES;
				CLANG_WARN_DIRECT_OBJC_ISA_USAGE = YES_ERROR;
				CLANG_WARN_DOCUMENTATION_COMMENTS = YES;
				CLANG_WARN_EMPTY_BODY = YES;
				CLANG_WARN_ENUM_CONVERSION = YES;
				CLANG_WARN_INFINITE_RECURSION = YES;
				CLANG_WARN_INT_CONVERSION = YES;
				CLANG_WARN_NON_LITERAL_NULL_CONVERSION = YES;
				CLANG_WARN_OBJC_IMPLICIT_RETAIN_SELF = YES;
				CLANG_WARN_OBJC_LITERAL_CONVERSION = YES;
				CLANG_WARN_OBJC_ROOT_CLASS = YES_ERROR;
				CLANG_WARN_RANGE_LOOP_ANALYSIS = YES;
				CLANG_WARN_STRICT_PROTOTYPES = YES;
				CLANG_WARN_SUSPICIOUS_MOVE = YES;
				CLANG_WARN_UNGUARDED_AVAILABILITY = YES_AGGRESSIVE;
				CLANG_WARN_UNREACHABLE_CODE = YES;
				CLANG_WARN__DUPLICATE_METHOD_MATCH = YES;
				CODE_SIGN_IDENTITY = "iPhone Developer";
				COPY_PHASE_STRIP = NO;
				DEBUG_INFORMATION_FORMAT = "dwarf-with-dsym";
				ENABLE_NS_ASSERTIONS = NO;
				ENABLE_STRICT_OBJC_MSGSEND = YES;
				GCC_C_LANGUAGE_STANDARD = gnu11;
				GCC_NO_COMMON_BLOCKS = YES;
				GCC_WARN_64_TO_32_BIT_CONVERSION = YES;
				GCC_WARN_ABOUT_RETURN_TYPE = YES_ERROR;
				GCC_WARN_UNDECLARED_SELECTOR = YES;
				GCC_WARN_UNINITIALIZED_AUTOS = YES_AGGRESSIVE;
				GCC_WARN_UNUSED_FUNCTION = YES;
				GCC_WARN_UNUSED_VARIABLE = YES;
				IPHONEOS_DEPLOYMENT_TARGET = 11.4;
				MTL_ENABLE_DEBUG_INFO = NO;
				SDKROOT = iphoneos;
				SWIFT_COMPILATION_MODE = wholemodule;
				SWIFT_OPTIMIZATION_LEVEL = "-O";
				VALIDATE_PRODUCT = YES;
			};
			name = Release;
		};
		F440F18F20FB1680008F4DF5 /* Debug */ = {
			isa = XCBuildConfiguration;
			buildSettings = {
				ASSETCATALOG_COMPILER_APPICON_NAME = AppIcon;
				CODE_SIGN_STYLE = Automatic;
				DEVELOPMENT_TEAM = 5VBM73Y9G2;
				INFOPLIST_FILE = UserListsMVVM/Info.plist;
				LD_RUNPATH_SEARCH_PATHS = (
					"$(inherited)",
					"@executable_path/Frameworks",
				);
				PRODUCT_BUNDLE_IDENTIFIER = com.PrototypeC.UserListsMVVM;
				PRODUCT_NAME = "$(TARGET_NAME)";
				SWIFT_VERSION = 4.0;
				TARGETED_DEVICE_FAMILY = "1,2";
			};
			name = Debug;
		};
		F440F19020FB1680008F4DF5 /* Release */ = {
			isa = XCBuildConfiguration;
			buildSettings = {
				ASSETCATALOG_COMPILER_APPICON_NAME = AppIcon;
				CODE_SIGN_STYLE = Automatic;
				DEVELOPMENT_TEAM = 5VBM73Y9G2;
				INFOPLIST_FILE = UserListsMVVM/Info.plist;
				LD_RUNPATH_SEARCH_PATHS = (
					"$(inherited)",
					"@executable_path/Frameworks",
				);
				PRODUCT_BUNDLE_IDENTIFIER = com.PrototypeC.UserListsMVVM;
				PRODUCT_NAME = "$(TARGET_NAME)";
				SWIFT_VERSION = 4.0;
				TARGETED_DEVICE_FAMILY = "1,2";
			};
			name = Release;
		};
/* End XCBuildConfiguration section */

/* Begin XCConfigurationList section */
		F440F17720FB167F008F4DF5 /* Build configuration list for PBXProject "UserListsMVVM" */ = {
			isa = XCConfigurationList;
			buildConfigurations = (
				F440F18C20FB1680008F4DF5 /* Debug */,
				F440F18D20FB1680008F4DF5 /* Release */,
			);
			defaultConfigurationIsVisible = 0;
			defaultConfigurationName = Release;
		};
		F440F18E20FB1680008F4DF5 /* Build configuration list for PBXNativeTarget "UserListsMVVM" */ = {
			isa = XCConfigurationList;
			buildConfigurations = (
				F440F18F20FB1680008F4DF5 /* Debug */,
				F440F19020FB1680008F4DF5 /* Release */,
			);
			defaultConfigurationIsVisible = 0;
			defaultConfigurationName = Release;
		};
/* End XCConfigurationList section */
	};
	rootObject = F440F17420FB167F008F4DF5 /* Project object */;
}
